// !$*UTF8*$!
{
	archiveVersion = 1;
	classes = {
	};
	objectVersion = 56;
	objects = {

/* Begin PBXBuildFile section */
		A7CDA8D72BE10406004F5876 /* AppDelegate.swift in Sources */ = {isa = PBXBuildFile; fileRef = A7CDA8D62BE10406004F5876 /* AppDelegate.swift */; };
		A7CDA8D92BE10406004F5876 /* SceneDelegate.swift in Sources */ = {isa = PBXBuildFile; fileRef = A7CDA8D82BE10406004F5876 /* SceneDelegate.swift */; };
		A7CDA8DB2BE10406004F5876 /* ViewController.swift in Sources */ = {isa = PBXBuildFile; fileRef = A7CDA8DA2BE10406004F5876 /* ViewController.swift */; };
		A7CDA8DE2BE10406004F5876 /* Base in Resources */ = {isa = PBXBuildFile; fileRef = A7CDA8DD2BE10406004F5876 /* Base */; };
		A7CDA8E02BE10407004F5876 /* Assets.xcassets in Resources */ = {isa = PBXBuildFile; fileRef = A7CDA8DF2BE10407004F5876 /* Assets.xcassets */; };
		A7CDA8E32BE10407004F5876 /* Base in Resources */ = {isa = PBXBuildFile; fileRef = A7CDA8E22BE10407004F5876 /* Base */; };
		A7CDA8ED2BE1049A004F5876 /* Question.swift in Sources */ = {isa = PBXBuildFile; fileRef = A7CDA8EC2BE1049A004F5876 /* Question.swift */; };
		A7CDA8EF2BE104AA004F5876 /* QuestionBank.swift in Sources */ = {isa = PBXBuildFile; fileRef = A7CDA8EE2BE104AA004F5876 /* QuestionBank.swift */; };
		A7CDA8F12BE11829004F5876 /* StartGameViewController.swift in Sources */ = {isa = PBXBuildFile; fileRef = A7CDA8F02BE11829004F5876 /* StartGameViewController.swift */; };
		A7CDA8F32BE11844004F5876 /* ChooseLevelViewController.swift in Sources */ = {isa = PBXBuildFile; fileRef = A7CDA8F22BE11844004F5876 /* ChooseLevelViewController.swift */; };
		A7CDA8F52BE1186E004F5876 /* SecondLevelViewController.swift in Sources */ = {isa = PBXBuildFile; fileRef = A7CDA8F42BE1186E004F5876 /* SecondLevelViewController.swift */; };
		A7CDA8F72BE11883004F5876 /* ThirdLevelViewController.swift in Sources */ = {isa = PBXBuildFile; fileRef = A7CDA8F62BE11883004F5876 /* ThirdLevelViewController.swift */; };
		A7CDA8F92BE12886004F5876 /* Constants.swift in Sources */ = {isa = PBXBuildFile; fileRef = A7CDA8F82BE12886004F5876 /* Constants.swift */; };
		A7CDA8FB2BE1289C004F5876 /* UserDataService.swift in Sources */ = {isa = PBXBuildFile; fileRef = A7CDA8FA2BE1289C004F5876 /* UserDataService.swift */; };
		A7CDA8FD2BE128B6004F5876 /* WebViewController.swift in Sources */ = {isa = PBXBuildFile; fileRef = A7CDA8FC2BE128B6004F5876 /* WebViewController.swift */; };
/* End PBXBuildFile section */

/* Begin PBXFileReference section */
		A7CDA8D32BE10406004F5876 /* QuizApp.app */ = {isa = PBXFileReference; explicitFileType = wrapper.application; includeInIndex = 0; path = QuizApp.app; sourceTree = BUILT_PRODUCTS_DIR; };
		A7CDA8D62BE10406004F5876 /* AppDelegate.swift */ = {isa = PBXFileReference; lastKnownFileType = sourcecode.swift; path = AppDelegate.swift; sourceTree = "<group>"; };
		A7CDA8D82BE10406004F5876 /* SceneDelegate.swift */ = {isa = PBXFileReference; lastKnownFileType = sourcecode.swift; path = SceneDelegate.swift; sourceTree = "<group>"; };
		A7CDA8DA2BE10406004F5876 /* ViewController.swift */ = {isa = PBXFileReference; lastKnownFileType = sourcecode.swift; path = ViewController.swift; sourceTree = "<group>"; };
		A7CDA8DD2BE10406004F5876 /* Base */ = {isa = PBXFileReference; lastKnownFileType = file.storyboard; name = Base; path = Base.lproj/Main.storyboard; sourceTree = "<group>"; };
		A7CDA8DF2BE10407004F5876 /* Assets.xcassets */ = {isa = PBXFileReference; lastKnownFileType = folder.assetcatalog; path = Assets.xcassets; sourceTree = "<group>"; };
		A7CDA8E22BE10407004F5876 /* Base */ = {isa = PBXFileReference; lastKnownFileType = file.storyboard; name = Base; path = Base.lproj/LaunchScreen.storyboard; sourceTree = "<group>"; };
		A7CDA8E42BE10407004F5876 /* Info.plist */ = {isa = PBXFileReference; lastKnownFileType = text.plist.xml; path = Info.plist; sourceTree = "<group>"; };
		A7CDA8EC2BE1049A004F5876 /* Question.swift */ = {isa = PBXFileReference; lastKnownFileType = sourcecode.swift; path = Question.swift; sourceTree = "<group>"; };
		A7CDA8EE2BE104AA004F5876 /* QuestionBank.swift */ = {isa = PBXFileReference; lastKnownFileType = sourcecode.swift; path = QuestionBank.swift; sourceTree = "<group>"; };
		A7CDA8F02BE11829004F5876 /* StartGameViewController.swift */ = {isa = PBXFileReference; lastKnownFileType = sourcecode.swift; path = StartGameViewController.swift; sourceTree = "<group>"; };
		A7CDA8F22BE11844004F5876 /* ChooseLevelViewController.swift */ = {isa = PBXFileReference; lastKnownFileType = sourcecode.swift; path = ChooseLevelViewController.swift; sourceTree = "<group>"; };
		A7CDA8F42BE1186E004F5876 /* SecondLevelViewController.swift */ = {isa = PBXFileReference; lastKnownFileType = sourcecode.swift; path = SecondLevelViewController.swift; sourceTree = "<group>"; };
		A7CDA8F62BE11883004F5876 /* ThirdLevelViewController.swift */ = {isa = PBXFileReference; lastKnownFileType = sourcecode.swift; path = ThirdLevelViewController.swift; sourceTree = "<group>"; };
		A7CDA8F82BE12886004F5876 /* Constants.swift */ = {isa = PBXFileReference; lastKnownFileType = sourcecode.swift; path = Constants.swift; sourceTree = "<group>"; };
		A7CDA8FA2BE1289C004F5876 /* UserDataService.swift */ = {isa = PBXFileReference; lastKnownFileType = sourcecode.swift; path = UserDataService.swift; sourceTree = "<group>"; };
		A7CDA8FC2BE128B6004F5876 /* WebViewController.swift */ = {isa = PBXFileReference; lastKnownFileType = sourcecode.swift; path = WebViewController.swift; sourceTree = "<group>"; };
/* End PBXFileReference section */

/* Begin PBXFrameworksBuildPhase section */
		A7CDA8D02BE10406004F5876 /* Frameworks */ = {
			isa = PBXFrameworksBuildPhase;
			buildActionMask = 2147483647;
			files = (
			);
			runOnlyForDeploymentPostprocessing = 0;
		};
/* End PBXFrameworksBuildPhase section */

/* Begin PBXGroup section */
		A7CDA8CA2BE10406004F5876 = {
			isa = PBXGroup;
			children = (
				A7CDA8D52BE10406004F5876 /* QuizApp */,
				A7CDA8D42BE10406004F5876 /* Products */,
			);
			sourceTree = "<group>";
		};
		A7CDA8D42BE10406004F5876 /* Products */ = {
			isa = PBXGroup;
			children = (
				A7CDA8D32BE10406004F5876 /* QuizApp.app */,
			);
			name = Products;
			sourceTree = "<group>";
		};
		A7CDA8D52BE10406004F5876 /* QuizApp */ = {
			isa = PBXGroup;
			children = (
				A7CDA8EB2BE10479004F5876 /* Model */,
				A7CDA8EA2BE10453004F5876 /* Controllers */,
				A7CDA8D82BE10406004F5876 /* SceneDelegate.swift */,
				A7CDA8DC2BE10406004F5876 /* Main.storyboard */,
				A7CDA8DF2BE10407004F5876 /* Assets.xcassets */,
				A7CDA8E12BE10407004F5876 /* LaunchScreen.storyboard */,
				A7CDA8E42BE10407004F5876 /* Info.plist */,
			);
			path = QuizApp;
			sourceTree = "<group>";
		};
		A7CDA8EA2BE10453004F5876 /* Controllers */ = {
			isa = PBXGroup;
			children = (
				A7CDA8DA2BE10406004F5876 /* ViewController.swift */,
				A7CDA8D62BE10406004F5876 /* AppDelegate.swift */,
				A7CDA8F02BE11829004F5876 /* StartGameViewController.swift */,
				A7CDA8F22BE11844004F5876 /* ChooseLevelViewController.swift */,
				A7CDA8F42BE1186E004F5876 /* SecondLevelViewController.swift */,
				A7CDA8F62BE11883004F5876 /* ThirdLevelViewController.swift */,
				A7CDA8FC2BE128B6004F5876 /* WebViewController.swift */,
			);
			path = Controllers;
			sourceTree = "<group>";
		};
		A7CDA8EB2BE10479004F5876 /* Model */ = {
			isa = PBXGroup;
			children = (
				A7CDA8EC2BE1049A004F5876 /* Question.swift */,
				A7CDA8EE2BE104AA004F5876 /* QuestionBank.swift */,
				A7CDA8F82BE12886004F5876 /* Constants.swift */,
				A7CDA8FA2BE1289C004F5876 /* UserDataService.swift */,
			);
			path = Model;
			sourceTree = "<group>";
		};
/* End PBXGroup section */

/* Begin PBXNativeTarget section */
		A7CDA8D22BE10406004F5876 /* QuizApp */ = {
			isa = PBXNativeTarget;
			buildConfigurationList = A7CDA8E72BE10407004F5876 /* Build configuration list for PBXNativeTarget "QuizApp" */;
			buildPhases = (
				A7CDA8CF2BE10406004F5876 /* Sources */,
				A7CDA8D02BE10406004F5876 /* Frameworks */,
				A7CDA8D12BE10406004F5876 /* Resources */,
			);
			buildRules = (
			);
			dependencies = (
			);
			name = QuizApp;
			productName = QuizApp;
			productReference = A7CDA8D32BE10406004F5876 /* QuizApp.app */;
			productType = "com.apple.product-type.application";
		};
/* End PBXNativeTarget section */

/* Begin PBXProject section */
		A7CDA8CB2BE10406004F5876 /* Project object */ = {
			isa = PBXProject;
			attributes = {
				BuildIndependentTargetsInParallel = 1;
				LastSwiftUpdateCheck = 1530;
				LastUpgradeCheck = 1530;
				TargetAttributes = {
					A7CDA8D22BE10406004F5876 = {
						CreatedOnToolsVersion = 15.3;
					};
				};
			};
			buildConfigurationList = A7CDA8CE2BE10406004F5876 /* Build configuration list for PBXProject "QuizApp" */;
			compatibilityVersion = "Xcode 14.0";
			developmentRegion = en;
			hasScannedForEncodings = 0;
			knownRegions = (
				en,
				Base,
			);
			mainGroup = A7CDA8CA2BE10406004F5876;
			productRefGroup = A7CDA8D42BE10406004F5876 /* Products */;
			projectDirPath = "";
			projectRoot = "";
			targets = (
				A7CDA8D22BE10406004F5876 /* QuizApp */,
			);
		};
/* End PBXProject section */

/* Begin PBXResourcesBuildPhase section */
		A7CDA8D12BE10406004F5876 /* Resources */ = {
			isa = PBXResourcesBuildPhase;
			buildActionMask = 2147483647;
			files = (
				A7CDA8E02BE10407004F5876 /* Assets.xcassets in Resources */,
				A7CDA8E32BE10407004F5876 /* Base in Resources */,
				A7CDA8DE2BE10406004F5876 /* Base in Resources */,
			);
			runOnlyForDeploymentPostprocessing = 0;
		};
/* End PBXResourcesBuildPhase section */

/* Begin PBXSourcesBuildPhase section */
		A7CDA8CF2BE10406004F5876 /* Sources */ = {
			isa = PBXSourcesBuildPhase;
			buildActionMask = 2147483647;
			files = (
				A7CDA8DB2BE10406004F5876 /* ViewController.swift in Sources */,
				A7CDA8ED2BE1049A004F5876 /* Question.swift in Sources */,
				A7CDA8F72BE11883004F5876 /* ThirdLevelViewController.swift in Sources */,
				A7CDA8FB2BE1289C004F5876 /* UserDataService.swift in Sources */,
				A7CDA8D72BE10406004F5876 /* AppDelegate.swift in Sources */,
				A7CDA8EF2BE104AA004F5876 /* QuestionBank.swift in Sources */,
				A7CDA8F92BE12886004F5876 /* Constants.swift in Sources */,
				A7CDA8FD2BE128B6004F5876 /* WebViewController.swift in Sources */,
				A7CDA8D92BE10406004F5876 /* SceneDelegate.swift in Sources */,
				A7CDA8F52BE1186E004F5876 /* SecondLevelViewController.swift in Sources */,
				A7CDA8F12BE11829004F5876 /* StartGameViewController.swift in Sources */,
				A7CDA8F32BE11844004F5876 /* ChooseLevelViewController.swift in Sources */,
			);
			runOnlyForDeploymentPostprocessing = 0;
		};
/* End PBXSourcesBuildPhase section */

/* Begin PBXVariantGroup section */
		A7CDA8DC2BE10406004F5876 /* Main.storyboard */ = {
			isa = PBXVariantGroup;
			children = (
				A7CDA8DD2BE10406004F5876 /* Base */,
			);
			name = Main.storyboard;
			sourceTree = "<group>";
		};
		A7CDA8E12BE10407004F5876 /* LaunchScreen.storyboard */ = {
			isa = PBXVariantGroup;
			children = (
				A7CDA8E22BE10407004F5876 /* Base */,
			);
			name = LaunchScreen.storyboard;
			sourceTree = "<group>";
		};
/* End PBXVariantGroup section */

/* Begin XCBuildConfiguration section */
		A7CDA8E52BE10407004F5876 /* Debug */ = {
			isa = XCBuildConfiguration;
			buildSettings = {
				ALWAYS_SEARCH_USER_PATHS = NO;
				ASSETCATALOG_COMPILER_GENERATE_SWIFT_ASSET_SYMBOL_EXTENSIONS = YES;
				CLANG_ANALYZER_NONNULL = YES;
				CLANG_ANALYZER_NUMBER_OBJECT_CONVERSION = YES_AGGRESSIVE;
				CLANG_CXX_LANGUAGE_STANDARD = "gnu++20";
				CLANG_ENABLE_MODULES = YES;
				CLANG_ENABLE_OBJC_ARC = YES;
				CLANG_ENABLE_OBJC_WEAK = YES;
				CLANG_WARN_BLOCK_CAPTURE_AUTORELEASING = YES;
				CLANG_WARN_BOOL_CONVERSION = YES;
				CLANG_WARN_COMMA = YES;
				CLANG_WARN_CONSTANT_CONVERSION = YES;
				CLANG_WARN_DEPRECATED_OBJC_IMPLEMENTATIONS = YES;
				CLANG_WARN_DIRECT_OBJC_ISA_USAGE = YES_ERROR;
				CLANG_WARN_DOCUMENTATION_COMMENTS = YES;
				CLANG_WARN_EMPTY_BODY = YES;
				CLANG_WARN_ENUM_CONVERSION = YES;
				CLANG_WARN_INFINITE_RECURSION = YES;
				CLANG_WARN_INT_CONVERSION = YES;
				CLANG_WARN_NON_LITERAL_NULL_CONVERSION = YES;
				CLANG_WARN_OBJC_IMPLICIT_RETAIN_SELF = YES;
				CLANG_WARN_OBJC_LITERAL_CONVERSION = YES;
				CLANG_WARN_OBJC_ROOT_CLASS = YES_ERROR;
				CLANG_WARN_QUOTED_INCLUDE_IN_FRAMEWORK_HEADER = YES;
				CLANG_WARN_RANGE_LOOP_ANALYSIS = YES;
				CLANG_WARN_STRICT_PROTOTYPES = YES;
				CLANG_WARN_SUSPICIOUS_MOVE = YES;
				CLANG_WARN_UNGUARDED_AVAILABILITY = YES_AGGRESSIVE;
				CLANG_WARN_UNREACHABLE_CODE = YES;
				CLANG_WARN__DUPLICATE_METHOD_MATCH = YES;
				COPY_PHASE_STRIP = NO;
				DEBUG_INFORMATION_FORMAT = dwarf;
				ENABLE_STRICT_OBJC_MSGSEND = YES;
				ENABLE_TESTABILITY = YES;
				ENABLE_USER_SCRIPT_SANDBOXING = YES;
				GCC_C_LANGUAGE_STANDARD = gnu17;
				GCC_DYNAMIC_NO_PIC = NO;
				GCC_NO_COMMON_BLOCKS = YES;
				GCC_OPTIMIZATION_LEVEL = 0;
				GCC_PREPROCESSOR_DEFINITIONS = (
					"DEBUG=1",
					"$(inherited)",
				);
				GCC_WARN_64_TO_32_BIT_CONVERSION = YES;
				GCC_WARN_ABOUT_RETURN_TYPE = YES_ERROR;
				GCC_WARN_UNDECLARED_SELECTOR = YES;
				GCC_WARN_UNINITIALIZED_AUTOS = YES_AGGRESSIVE;
				GCC_WARN_UNUSED_FUNCTION = YES;
				GCC_WARN_UNUSED_VARIABLE = YES;
				IPHONEOS_DEPLOYMENT_TARGET = 17.4;
				LOCALIZATION_PREFERS_STRING_CATALOGS = YES;
				MTL_ENABLE_DEBUG_INFO = INCLUDE_SOURCE;
				MTL_FAST_MATH = YES;
				ONLY_ACTIVE_ARCH = YES;
				SDKROOT = iphoneos;
				SWIFT_ACTIVE_COMPILATION_CONDITIONS = "DEBUG $(inherited)";
				SWIFT_OPTIMIZATION_LEVEL = "-Onone";
			};
			name = Debug;
		};
		A7CDA8E62BE10407004F5876 /* Release */ = {
			isa = XCBuildConfiguration;
			buildSettings = {
				ALWAYS_SEARCH_USER_PATHS = NO;
				ASSETCATALOG_COMPILER_GENERATE_SWIFT_ASSET_SYMBOL_EXTENSIONS = YES;
				CLANG_ANALYZER_NONNULL = YES;
				CLANG_ANALYZER_NUMBER_OBJECT_CONVERSION = YES_AGGRESSIVE;
				CLANG_CXX_LANGUAGE_STANDARD = "gnu++20";
				CLANG_ENABLE_MODULES = YES;
				CLANG_ENABLE_OBJC_ARC = YES;
				CLANG_ENABLE_OBJC_WEAK = YES;
				CLANG_WARN_BLOCK_CAPTURE_AUTORELEASING = YES;
				CLANG_WARN_BOOL_CONVERSION = YES;
				CLANG_WARN_COMMA = YES;
				CLANG_WARN_CONSTANT_CONVERSION = YES;
				CLANG_WARN_DEPRECATED_OBJC_IMPLEMENTATIONS = YES;
				CLANG_WARN_DIRECT_OBJC_ISA_USAGE = YES_ERROR;
				CLANG_WARN_DOCUMENTATION_COMMENTS = YES;
				CLANG_WARN_EMPTY_BODY = YES;
				CLANG_WARN_ENUM_CONVERSION = YES;
				CLANG_WARN_INFINITE_RECURSION = YES;
				CLANG_WARN_INT_CONVERSION = YES;
				CLANG_WARN_NON_LITERAL_NULL_CONVERSION = YES;
				CLANG_WARN_OBJC_IMPLICIT_RETAIN_SELF = YES;
				CLANG_WARN_OBJC_LITERAL_CONVERSION = YES;
				CLANG_WARN_OBJC_ROOT_CLASS = YES_ERROR;
				CLANG_WARN_QUOTED_INCLUDE_IN_FRAMEWORK_HEADER = YES;
				CLANG_WARN_RANGE_LOOP_ANALYSIS = YES;
				CLANG_WARN_STRICT_PROTOTYPES = YES;
				CLANG_WARN_SUSPICIOUS_MOVE = YES;
				CLANG_WARN_UNGUARDED_AVAILABILITY = YES_AGGRESSIVE;
				CLANG_WARN_UNREACHABLE_CODE = YES;
				CLANG_WARN__DUPLICATE_METHOD_MATCH = YES;
				COPY_PHASE_STRIP = NO;
				DEBUG_INFORMATION_FORMAT = "dwarf-with-dsym";
				ENABLE_NS_ASSERTIONS = NO;
				ENABLE_STRICT_OBJC_MSGSEND = YES;
				ENABLE_USER_SCRIPT_SANDBOXING = YES;
				GCC_C_LANGUAGE_STANDARD = gnu17;
				GCC_NO_COMMON_BLOCKS = YES;
				GCC_WARN_64_TO_32_BIT_CONVERSION = YES;
				GCC_WARN_ABOUT_RETURN_TYPE = YES_ERROR;
				GCC_WARN_UNDECLARED_SELECTOR = YES;
				GCC_WARN_UNINITIALIZED_AUTOS = YES_AGGRESSIVE;
				GCC_WARN_UNUSED_FUNCTION = YES;
				GCC_WARN_UNUSED_VARIABLE = YES;
				IPHONEOS_DEPLOYMENT_TARGET = 17.4;
				LOCALIZATION_PREFERS_STRING_CATALOGS = YES;
				MTL_ENABLE_DEBUG_INFO = NO;
				MTL_FAST_MATH = YES;
				SDKROOT = iphoneos;
				SWIFT_COMPILATION_MODE = wholemodule;
				VALIDATE_PRODUCT = YES;
			};
			name = Release;
		};
		A7CDA8E82BE10407004F5876 /* Debug */ = {
			isa = XCBuildConfiguration;
			buildSettings = {
				ASSETCATALOG_COMPILER_APPICON_NAME = AppIcon;
				ASSETCATALOG_COMPILER_GLOBAL_ACCENT_COLOR_NAME = AccentColor;
				CODE_SIGN_STYLE = Automatic;
				CURRENT_PROJECT_VERSION = 1;
				DEVELOPMENT_TEAM = SY7PBM976M;
				GENERATE_INFOPLIST_FILE = YES;
				INFOPLIST_FILE = QuizApp/Info.plist;
				INFOPLIST_KEY_UIApplicationSupportsIndirectInputEvents = YES;
				INFOPLIST_KEY_UILaunchStoryboardName = LaunchScreen;
				INFOPLIST_KEY_UIMainStoryboardFile = Main;
				INFOPLIST_KEY_UISupportedInterfaceOrientations_iPad = "UIInterfaceOrientationPortrait UIInterfaceOrientationPortraitUpsideDown UIInterfaceOrientationLandscapeLeft UIInterfaceOrientationLandscapeRight";
				INFOPLIST_KEY_UISupportedInterfaceOrientations_iPhone = "UIInterfaceOrientationPortrait UIInterfaceOrientationLandscapeLeft UIInterfaceOrientationLandscapeRight";
				LD_RUNPATH_SEARCH_PATHS = (
					"$(inherited)",
					"@executable_path/Frameworks",
				);
				MARKETING_VERSION = 1.0;
				PRODUCT_BUNDLE_IDENTIFIER = com.ol.QuizApp;
				PRODUCT_NAME = "$(TARGET_NAME)";
				SWIFT_EMIT_LOC_STRINGS = YES;
				SWIFT_VERSION = 5.0;
				TARGETED_DEVICE_FAMILY = "1,2";
			};
			name = Debug;
		};
		A7CDA8E92BE10407004F5876 /* Release */ = {
			isa = XCBuildConfiguration;
			buildSettings = {
				ASSETCATALOG_COMPILER_APPICON_NAME = AppIcon;
				ASSETCATALOG_COMPILER_GLOBAL_ACCENT_COLOR_NAME = AccentColor;
				CODE_SIGN_STYLE = Automatic;
				CURRENT_PROJECT_VERSION = 1;
				DEVELOPMENT_TEAM = SY7PBM976M;
				GENERATE_INFOPLIST_FILE = YES;
				INFOPLIST_FILE = QuizApp/Info.plist;
				INFOPLIST_KEY_UIApplicationSupportsIndirectInputEvents = YES;
				INFOPLIST_KEY_UILaunchStoryboardName = LaunchScreen;
				INFOPLIST_KEY_UIMainStoryboardFile = Main;
				INFOPLIST_KEY_UISupportedInterfaceOrientations_iPad = "UIInterfaceOrientationPortrait UIInterfaceOrientationPortraitUpsideDown UIInterfaceOrientationLandscapeLeft UIInterfaceOrientationLandscapeRight";
				INFOPLIST_KEY_UISupportedInterfaceOrientations_iPhone = "UIInterfaceOrientationPortrait UIInterfaceOrientationLandscapeLeft UIInterfaceOrientationLandscapeRight";
				LD_RUNPATH_SEARCH_PATHS = (
					"$(inherited)",
					"@executable_path/Frameworks",
				);
				MARKETING_VERSION = 1.0;
				PRODUCT_BUNDLE_IDENTIFIER = com.ol.QuizApp;
				PRODUCT_NAME = "$(TARGET_NAME)";
				SWIFT_EMIT_LOC_STRINGS = YES;
				SWIFT_VERSION = 5.0;
				TARGETED_DEVICE_FAMILY = "1,2";
			};
			name = Release;
		};
/* End XCBuildConfiguration section */

/* Begin XCConfigurationList section */
		A7CDA8CE2BE10406004F5876 /* Build configuration list for PBXProject "QuizApp" */ = {
			isa = XCConfigurationList;
			buildConfigurations = (
				A7CDA8E52BE10407004F5876 /* Debug */,
				A7CDA8E62BE10407004F5876 /* Release */,
			);
			defaultConfigurationIsVisible = 0;
			defaultConfigurationName = Release;
		};
		A7CDA8E72BE10407004F5876 /* Build configuration list for PBXNativeTarget "QuizApp" */ = {
			isa = XCConfigurationList;
			buildConfigurations = (
				A7CDA8E82BE10407004F5876 /* Debug */,
				A7CDA8E92BE10407004F5876 /* Release */,
			);
			defaultConfigurationIsVisible = 0;
			defaultConfigurationName = Release;
		};
/* End XCConfigurationList section */
	};
	rootObject = A7CDA8CB2BE10406004F5876 /* Project object */;
}
